// !$*UTF8*$!
{
	archiveVersion = 1;
	classes = {
	};
	objectVersion = 52;
	objects = {

/* Begin PBXBuildFile section */
		E01879B626F4C27500BD26A8 /* KeychainAccess in Frameworks */ = {isa = PBXBuildFile; productRef = E01879B526F4C27500BD26A8 /* KeychainAccess */; };
		E01879BD26F4C2BF00BD26A8 /* KeychainService.swift in Sources */ = {isa = PBXBuildFile; fileRef = E01879BC26F4C2BF00BD26A8 /* KeychainService.swift */; };
		E01879BF26F4C2C500BD26A8 /* KeychainRepository.swift in Sources */ = {isa = PBXBuildFile; fileRef = E01879BE26F4C2C500BD26A8 /* KeychainRepository.swift */; };
		E01879C326F4CD6B00BD26A8 /* ColorViewController.swift in Sources */ = {isa = PBXBuildFile; fileRef = E01879C226F4CD6B00BD26A8 /* ColorViewController.swift */; };
		E01879C626F4CE4D00BD26A8 /* SnapKit in Frameworks */ = {isa = PBXBuildFile; productRef = E01879C526F4CE4D00BD26A8 /* SnapKit */; };
		E01879C926F4CEB300BD26A8 /* RxRelay in Frameworks */ = {isa = PBXBuildFile; productRef = E01879C826F4CEB300BD26A8 /* RxRelay */; };
		E01879CB26F4CEB300BD26A8 /* RxCocoa in Frameworks */ = {isa = PBXBuildFile; productRef = E01879CA26F4CEB300BD26A8 /* RxCocoa */; };
		E01879CD26F4CEB300BD26A8 /* RxSwift in Frameworks */ = {isa = PBXBuildFile; productRef = E01879CC26F4CEB300BD26A8 /* RxSwift */; };
		E01879CF26F4CED600BD26A8 /* ColorViewModel.swift in Sources */ = {isa = PBXBuildFile; fileRef = E01879CE26F4CED600BD26A8 /* ColorViewModel.swift */; };
		E01879D126F4D15F00BD26A8 /* ColorModel.swift in Sources */ = {isa = PBXBuildFile; fileRef = E01879D026F4D15F00BD26A8 /* ColorModel.swift */; };
		E01879D326F4D23500BD26A8 /* ColorUseCase.swift in Sources */ = {isa = PBXBuildFile; fileRef = E01879D226F4D23500BD26A8 /* ColorUseCase.swift */; };
		E03D2F3626F8C03D00C24B98 /* SOLIDTests.swift in Sources */ = {isa = PBXBuildFile; fileRef = E03D2F3526F8C03D00C24B98 /* SOLIDTests.swift */; };
		E03D2F4026F8C07C00C24B98 /* ProductListUseCaseTests.swift in Sources */ = {isa = PBXBuildFile; fileRef = E03D2F3F26F8C07C00C24B98 /* ProductListUseCaseTests.swift */; };
		E03D2F4526F8C38400C24B98 /* ProductListViewModelTests.swift in Sources */ = {isa = PBXBuildFile; fileRef = E03D2F4426F8C38400C24B98 /* ProductListViewModelTests.swift */; };
		E0625C7826F5ED7600D7DAD0 /* MainViewController.swift in Sources */ = {isa = PBXBuildFile; fileRef = E0625C7726F5ED7600D7DAD0 /* MainViewController.swift */; };
		E0625C7B26F5F1D600D7DAD0 /* BillingViewController.swift in Sources */ = {isa = PBXBuildFile; fileRef = E0625C7A26F5F1D600D7DAD0 /* BillingViewController.swift */; };
		E0625C7D26F5F1DD00D7DAD0 /* BillingViewModel.swift in Sources */ = {isa = PBXBuildFile; fileRef = E0625C7C26F5F1DD00D7DAD0 /* BillingViewModel.swift */; };
		E0625C7F26F5F1EA00D7DAD0 /* LicenseUseCase.swift in Sources */ = {isa = PBXBuildFile; fileRef = E0625C7E26F5F1EA00D7DAD0 /* LicenseUseCase.swift */; };
		E0625C8126F5F1F100D7DAD0 /* PersonalUseCase.swift in Sources */ = {isa = PBXBuildFile; fileRef = E0625C8026F5F1F100D7DAD0 /* PersonalUseCase.swift */; };
		E0625C8326F5F1F700D7DAD0 /* BusinessUseCase.swift in Sources */ = {isa = PBXBuildFile; fileRef = E0625C8226F5F1F700D7DAD0 /* BusinessUseCase.swift */; };
		E069E35826F3860900ED4467 /* AppDelegate.swift in Sources */ = {isa = PBXBuildFile; fileRef = E069E35726F3860900ED4467 /* AppDelegate.swift */; };
		E069E35A26F3860900ED4467 /* SceneDelegate.swift in Sources */ = {isa = PBXBuildFile; fileRef = E069E35926F3860900ED4467 /* SceneDelegate.swift */; };
		E069E35C26F3860900ED4467 /* ViewController.swift in Sources */ = {isa = PBXBuildFile; fileRef = E069E35B26F3860900ED4467 /* ViewController.swift */; };
		E069E36126F3860A00ED4467 /* Assets.xcassets in Resources */ = {isa = PBXBuildFile; fileRef = E069E36026F3860A00ED4467 /* Assets.xcassets */; };
		E069E36426F3860A00ED4467 /* LaunchScreen.storyboard in Resources */ = {isa = PBXBuildFile; fileRef = E069E36226F3860A00ED4467 /* LaunchScreen.storyboard */; };
		E069E36D26F3862200ED4467 /* NotSRP.swift in Sources */ = {isa = PBXBuildFile; fileRef = E069E36C26F3862200ED4467 /* NotSRP.swift */; };
		E06AB5C026FC722A002CB814 /* APIEndpoints.swift in Sources */ = {isa = PBXBuildFile; fileRef = E06AB5BF26FC722A002CB814 /* APIEndpoints.swift */; };
		E06AB5F526FC81F6002CB814 /* Cancellable.swift in Sources */ = {isa = PBXBuildFile; fileRef = E06AB5F426FC81F6002CB814 /* Cancellable.swift */; };
		E06AB5F826FC8223002CB814 /* RepositoryTask.swift in Sources */ = {isa = PBXBuildFile; fileRef = E06AB5F726FC8223002CB814 /* RepositoryTask.swift */; };
		E06AB5FE26FC9CF6002CB814 /* CityRepository.swift in Sources */ = {isa = PBXBuildFile; fileRef = E06AB5FD26FC9CF6002CB814 /* CityRepository.swift */; };
		E06AB60126FC9D99002CB814 /* City.swift in Sources */ = {isa = PBXBuildFile; fileRef = E06AB60026FC9D99002CB814 /* City.swift */; };
		E06AB60326FC9E26002CB814 /* CityRequestDTO+Mapping.swift in Sources */ = {isa = PBXBuildFile; fileRef = E06AB60226FC9E26002CB814 /* CityRequestDTO+Mapping.swift */; };
		E06AB60526FC9FD4002CB814 /* CityResponseDTO+Mapping.swift in Sources */ = {isa = PBXBuildFile; fileRef = E06AB60426FC9FD4002CB814 /* CityResponseDTO+Mapping.swift */; };
		E06AB60726FCA0D0002CB814 /* CityRepositoryImpl.swift in Sources */ = {isa = PBXBuildFile; fileRef = E06AB60626FCA0D0002CB814 /* CityRepositoryImpl.swift */; };
		E06AB60A26FCA28C002CB814 /* CityUseCase.swift in Sources */ = {isa = PBXBuildFile; fileRef = E06AB60926FCA28C002CB814 /* CityUseCase.swift */; };
		E06AB61226FCA584002CB814 /* CityViewController.swift in Sources */ = {isa = PBXBuildFile; fileRef = E06AB61126FCA584002CB814 /* CityViewController.swift */; };
		E06AB61426FCA5A7002CB814 /* CityViewModel.swift in Sources */ = {isa = PBXBuildFile; fileRef = E06AB61326FCA5A7002CB814 /* CityViewModel.swift */; };
		E06AB61626FCB04C002CB814 /* CitySceneDIContainer.swift in Sources */ = {isa = PBXBuildFile; fileRef = E06AB61526FCB04C002CB814 /* CitySceneDIContainer.swift */; };
		E06AB61826FCB1F4002CB814 /* CitySceneCoordinator.swift in Sources */ = {isa = PBXBuildFile; fileRef = E06AB61726FCB1F4002CB814 /* CitySceneCoordinator.swift */; };
		E0A06DC626F8540600E132E1 /* Application_ApplyFactory.swift in Sources */ = {isa = PBXBuildFile; fileRef = E0A06DC526F8540600E132E1 /* Application_ApplyFactory.swift */; };
		E0A06DC826F8540D00E132E1 /* Application_NotFactory.swift in Sources */ = {isa = PBXBuildFile; fileRef = E0A06DC726F8540D00E132E1 /* Application_NotFactory.swift */; };
		E0A06DCE26F8546900E132E1 /* ServiceConcrete_NotFactory.swift in Sources */ = {isa = PBXBuildFile; fileRef = E0A06DCD26F8546900E132E1 /* ServiceConcrete_NotFactory.swift */; };
		E0A06DD126F8552900E132E1 /* ServiceConcrete_ApplyFactory.swift in Sources */ = {isa = PBXBuildFile; fileRef = E0A06DD026F8552900E132E1 /* ServiceConcrete_ApplyFactory.swift */; };
		E0A06DD326F855F100E132E1 /* Service.swift in Sources */ = {isa = PBXBuildFile; fileRef = E0A06DD226F855F100E132E1 /* Service.swift */; };
		E0A06DD526F8561100E132E1 /* ServiceFactory.swift in Sources */ = {isa = PBXBuildFile; fileRef = E0A06DD426F8561100E132E1 /* ServiceFactory.swift */; };
		E0A06DD726F8565B00E132E1 /* ServiceConcreteImpl.swift in Sources */ = {isa = PBXBuildFile; fileRef = E0A06DD626F8565B00E132E1 /* ServiceConcreteImpl.swift */; };
		E0A06DDA26F8720800E132E1 /* ProductListViewController.swift in Sources */ = {isa = PBXBuildFile; fileRef = E0A06DD926F8720800E132E1 /* ProductListViewController.swift */; };
		E0A06DDC26F8721100E132E1 /* ProductListViewModel.swift in Sources */ = {isa = PBXBuildFile; fileRef = E0A06DDB26F8721100E132E1 /* ProductListViewModel.swift */; };
		E0A06DDE26F8722300E132E1 /* ProductListUseCase.swift in Sources */ = {isa = PBXBuildFile; fileRef = E0A06DDD26F8722300E132E1 /* ProductListUseCase.swift */; };
		E0A06DE026F8722700E132E1 /* ProductListDIContainer.swift in Sources */ = {isa = PBXBuildFile; fileRef = E0A06DDF26F8722700E132E1 /* ProductListDIContainer.swift */; };
		E0A06DE226F872D700E132E1 /* Product.swift in Sources */ = {isa = PBXBuildFile; fileRef = E0A06DE126F872D700E132E1 /* Product.swift */; };
		E0A06DE426F8752000E132E1 /* ProductTableViewCell.swift in Sources */ = {isa = PBXBuildFile; fileRef = E0A06DE326F8752000E132E1 /* ProductTableViewCell.swift */; };
		E0A2F7EA26F3920A0090FAF0 /* SRPwithFacade.swift in Sources */ = {isa = PBXBuildFile; fileRef = E0A2F7E926F3920A0090FAF0 /* SRPwithFacade.swift */; };
		E0AF25B926F991FC008C003A /* ButtonsViewModel.swift in Sources */ = {isa = PBXBuildFile; fileRef = E0AF25B826F991FC008C003A /* ButtonsViewModel.swift */; };
		E0AF25BB26F9920F008C003A /* ButtonsViewController.swift in Sources */ = {isa = PBXBuildFile; fileRef = E0AF25BA26F9920F008C003A /* ButtonsViewController.swift */; };
		E0AF25BD26F9921B008C003A /* ButtonsCoordinator.swift in Sources */ = {isa = PBXBuildFile; fileRef = E0AF25BC26F9921B008C003A /* ButtonsCoordinator.swift */; };
		E0AF25C126F9925B008C003A /* ButtonsDIContainer.swift in Sources */ = {isa = PBXBuildFile; fileRef = E0AF25C026F9925B008C003A /* ButtonsDIContainer.swift */; };
		E0AF25C326F992A5008C003A /* RedViewController.swift in Sources */ = {isa = PBXBuildFile; fileRef = E0AF25C226F992A5008C003A /* RedViewController.swift */; };
		E0AF25C526F992AC008C003A /* BlueViewController.swift in Sources */ = {isa = PBXBuildFile; fileRef = E0AF25C426F992AC008C003A /* BlueViewController.swift */; };
		E0AF25C826F99368008C003A /* ButtonsUseCase.swift in Sources */ = {isa = PBXBuildFile; fileRef = E0AF25C726F99368008C003A /* ButtonsUseCase.swift */; };
		E0E29AC426FA1A3300B75169 /* Endpoint.swift in Sources */ = {isa = PBXBuildFile; fileRef = E0E29AC326FA1A3300B75169 /* Endpoint.swift */; };
		E0E29AC626FA1A9B00B75169 /* NetworkConfigurable.swift in Sources */ = {isa = PBXBuildFile; fileRef = E0E29AC526FA1A9B00B75169 /* NetworkConfigurable.swift */; };
		E0E29AC826FA3E9B00B75169 /* DataTransferService.swift in Sources */ = {isa = PBXBuildFile; fileRef = E0E29AC726FA3E9B00B75169 /* DataTransferService.swift */; };
		E0E29ACA26FA3EBA00B75169 /* NetworkService.swift in Sources */ = {isa = PBXBuildFile; fileRef = E0E29AC926FA3EBA00B75169 /* NetworkService.swift */; };
		E0F6CAF726F74F46005B9EB1 /* NotISP.swift in Sources */ = {isa = PBXBuildFile; fileRef = E0F6CAF626F74F46005B9EB1 /* NotISP.swift */; };
		E0F6CAF926F7525F005B9EB1 /* ISP.swift in Sources */ = {isa = PBXBuildFile; fileRef = E0F6CAF826F7525F005B9EB1 /* ISP.swift */; };
/* End PBXBuildFile section */

/* Begin PBXContainerItemProxy section */
		E03D2F3826F8C03D00C24B98 /* PBXContainerItemProxy */ = {
			isa = PBXContainerItemProxy;
			containerPortal = E069E34C26F3860900ED4467 /* Project object */;
			proxyType = 1;
			remoteGlobalIDString = E069E35326F3860900ED4467;
			remoteInfo = SOLID;
		};
/* End PBXContainerItemProxy section */

/* Begin PBXFileReference section */
		E01879BC26F4C2BF00BD26A8 /* KeychainService.swift */ = {isa = PBXFileReference; lastKnownFileType = sourcecode.swift; path = KeychainService.swift; sourceTree = "<group>"; };
		E01879BE26F4C2C500BD26A8 /* KeychainRepository.swift */ = {isa = PBXFileReference; lastKnownFileType = sourcecode.swift; path = KeychainRepository.swift; sourceTree = "<group>"; };
		E01879C226F4CD6B00BD26A8 /* ColorViewController.swift */ = {isa = PBXFileReference; lastKnownFileType = sourcecode.swift; path = ColorViewController.swift; sourceTree = "<group>"; };
		E01879CE26F4CED600BD26A8 /* ColorViewModel.swift */ = {isa = PBXFileReference; lastKnownFileType = sourcecode.swift; path = ColorViewModel.swift; sourceTree = "<group>"; };
		E01879D026F4D15F00BD26A8 /* ColorModel.swift */ = {isa = PBXFileReference; lastKnownFileType = sourcecode.swift; path = ColorModel.swift; sourceTree = "<group>"; };
		E01879D226F4D23500BD26A8 /* ColorUseCase.swift */ = {isa = PBXFileReference; lastKnownFileType = sourcecode.swift; path = ColorUseCase.swift; sourceTree = "<group>"; };
		E03D2F3326F8C03D00C24B98 /* SOLIDTests.xctest */ = {isa = PBXFileReference; explicitFileType = wrapper.cfbundle; includeInIndex = 0; path = SOLIDTests.xctest; sourceTree = BUILT_PRODUCTS_DIR; };
		E03D2F3526F8C03D00C24B98 /* SOLIDTests.swift */ = {isa = PBXFileReference; lastKnownFileType = sourcecode.swift; path = SOLIDTests.swift; sourceTree = "<group>"; };
		E03D2F3726F8C03D00C24B98 /* Info.plist */ = {isa = PBXFileReference; lastKnownFileType = text.plist.xml; path = Info.plist; sourceTree = "<group>"; };
		E03D2F3F26F8C07C00C24B98 /* ProductListUseCaseTests.swift */ = {isa = PBXFileReference; lastKnownFileType = sourcecode.swift; path = ProductListUseCaseTests.swift; sourceTree = "<group>"; };
		E03D2F4426F8C38400C24B98 /* ProductListViewModelTests.swift */ = {isa = PBXFileReference; lastKnownFileType = sourcecode.swift; path = ProductListViewModelTests.swift; sourceTree = "<group>"; };
		E0625C7726F5ED7600D7DAD0 /* MainViewController.swift */ = {isa = PBXFileReference; lastKnownFileType = sourcecode.swift; path = MainViewController.swift; sourceTree = "<group>"; };
		E0625C7A26F5F1D600D7DAD0 /* BillingViewController.swift */ = {isa = PBXFileReference; lastKnownFileType = sourcecode.swift; path = BillingViewController.swift; sourceTree = "<group>"; };
		E0625C7C26F5F1DD00D7DAD0 /* BillingViewModel.swift */ = {isa = PBXFileReference; lastKnownFileType = sourcecode.swift; path = BillingViewModel.swift; sourceTree = "<group>"; };
		E0625C7E26F5F1EA00D7DAD0 /* LicenseUseCase.swift */ = {isa = PBXFileReference; lastKnownFileType = sourcecode.swift; path = LicenseUseCase.swift; sourceTree = "<group>"; };
		E0625C8026F5F1F100D7DAD0 /* PersonalUseCase.swift */ = {isa = PBXFileReference; lastKnownFileType = sourcecode.swift; path = PersonalUseCase.swift; sourceTree = "<group>"; };
		E0625C8226F5F1F700D7DAD0 /* BusinessUseCase.swift */ = {isa = PBXFileReference; lastKnownFileType = sourcecode.swift; path = BusinessUseCase.swift; sourceTree = "<group>"; };
		E069E35426F3860900ED4467 /* SOLID.app */ = {isa = PBXFileReference; explicitFileType = wrapper.application; includeInIndex = 0; path = SOLID.app; sourceTree = BUILT_PRODUCTS_DIR; };
		E069E35726F3860900ED4467 /* AppDelegate.swift */ = {isa = PBXFileReference; lastKnownFileType = sourcecode.swift; path = AppDelegate.swift; sourceTree = "<group>"; };
		E069E35926F3860900ED4467 /* SceneDelegate.swift */ = {isa = PBXFileReference; lastKnownFileType = sourcecode.swift; path = SceneDelegate.swift; sourceTree = "<group>"; };
		E069E35B26F3860900ED4467 /* ViewController.swift */ = {isa = PBXFileReference; lastKnownFileType = sourcecode.swift; path = ViewController.swift; sourceTree = "<group>"; };
		E069E36026F3860A00ED4467 /* Assets.xcassets */ = {isa = PBXFileReference; lastKnownFileType = folder.assetcatalog; path = Assets.xcassets; sourceTree = "<group>"; };
		E069E36326F3860A00ED4467 /* Base */ = {isa = PBXFileReference; lastKnownFileType = file.storyboard; name = Base; path = Base.lproj/LaunchScreen.storyboard; sourceTree = "<group>"; };
		E069E36526F3860A00ED4467 /* Info.plist */ = {isa = PBXFileReference; lastKnownFileType = text.plist.xml; path = Info.plist; sourceTree = "<group>"; };
		E069E36C26F3862200ED4467 /* NotSRP.swift */ = {isa = PBXFileReference; lastKnownFileType = sourcecode.swift; path = NotSRP.swift; sourceTree = "<group>"; };
		E06AB5BF26FC722A002CB814 /* APIEndpoints.swift */ = {isa = PBXFileReference; lastKnownFileType = sourcecode.swift; path = APIEndpoints.swift; sourceTree = "<group>"; };
		E06AB5F426FC81F6002CB814 /* Cancellable.swift */ = {isa = PBXFileReference; lastKnownFileType = sourcecode.swift; path = Cancellable.swift; sourceTree = "<group>"; };
		E06AB5F726FC8223002CB814 /* RepositoryTask.swift */ = {isa = PBXFileReference; lastKnownFileType = sourcecode.swift; path = RepositoryTask.swift; sourceTree = "<group>"; };
		E06AB5FD26FC9CF6002CB814 /* CityRepository.swift */ = {isa = PBXFileReference; lastKnownFileType = sourcecode.swift; path = CityRepository.swift; sourceTree = "<group>"; };
		E06AB60026FC9D99002CB814 /* City.swift */ = {isa = PBXFileReference; lastKnownFileType = sourcecode.swift; path = City.swift; sourceTree = "<group>"; };
		E06AB60226FC9E26002CB814 /* CityRequestDTO+Mapping.swift */ = {isa = PBXFileReference; lastKnownFileType = sourcecode.swift; path = "CityRequestDTO+Mapping.swift"; sourceTree = "<group>"; };
		E06AB60426FC9FD4002CB814 /* CityResponseDTO+Mapping.swift */ = {isa = PBXFileReference; lastKnownFileType = sourcecode.swift; path = "CityResponseDTO+Mapping.swift"; sourceTree = "<group>"; };
		E06AB60626FCA0D0002CB814 /* CityRepositoryImpl.swift */ = {isa = PBXFileReference; lastKnownFileType = sourcecode.swift; path = CityRepositoryImpl.swift; sourceTree = "<group>"; };
		E06AB60926FCA28C002CB814 /* CityUseCase.swift */ = {isa = PBXFileReference; lastKnownFileType = sourcecode.swift; path = CityUseCase.swift; sourceTree = "<group>"; };
		E06AB61126FCA584002CB814 /* CityViewController.swift */ = {isa = PBXFileReference; lastKnownFileType = sourcecode.swift; path = CityViewController.swift; sourceTree = "<group>"; };
		E06AB61326FCA5A7002CB814 /* CityViewModel.swift */ = {isa = PBXFileReference; lastKnownFileType = sourcecode.swift; path = CityViewModel.swift; sourceTree = "<group>"; };
		E06AB61526FCB04C002CB814 /* CitySceneDIContainer.swift */ = {isa = PBXFileReference; lastKnownFileType = sourcecode.swift; path = CitySceneDIContainer.swift; sourceTree = "<group>"; };
		E06AB61726FCB1F4002CB814 /* CitySceneCoordinator.swift */ = {isa = PBXFileReference; lastKnownFileType = sourcecode.swift; path = CitySceneCoordinator.swift; sourceTree = "<group>"; };
		E0A06DC526F8540600E132E1 /* Application_ApplyFactory.swift */ = {isa = PBXFileReference; lastKnownFileType = sourcecode.swift; path = Application_ApplyFactory.swift; sourceTree = "<group>"; };
		E0A06DC726F8540D00E132E1 /* Application_NotFactory.swift */ = {isa = PBXFileReference; lastKnownFileType = sourcecode.swift; path = Application_NotFactory.swift; sourceTree = "<group>"; };
		E0A06DCD26F8546900E132E1 /* ServiceConcrete_NotFactory.swift */ = {isa = PBXFileReference; lastKnownFileType = sourcecode.swift; path = ServiceConcrete_NotFactory.swift; sourceTree = "<group>"; };
		E0A06DD026F8552900E132E1 /* ServiceConcrete_ApplyFactory.swift */ = {isa = PBXFileReference; lastKnownFileType = sourcecode.swift; path = ServiceConcrete_ApplyFactory.swift; sourceTree = "<group>"; };
		E0A06DD226F855F100E132E1 /* Service.swift */ = {isa = PBXFileReference; lastKnownFileType = sourcecode.swift; path = Service.swift; sourceTree = "<group>"; };
		E0A06DD426F8561100E132E1 /* ServiceFactory.swift */ = {isa = PBXFileReference; lastKnownFileType = sourcecode.swift; path = ServiceFactory.swift; sourceTree = "<group>"; };
		E0A06DD626F8565B00E132E1 /* ServiceConcreteImpl.swift */ = {isa = PBXFileReference; lastKnownFileType = sourcecode.swift; path = ServiceConcreteImpl.swift; sourceTree = "<group>"; };
		E0A06DD926F8720800E132E1 /* ProductListViewController.swift */ = {isa = PBXFileReference; lastKnownFileType = sourcecode.swift; path = ProductListViewController.swift; sourceTree = "<group>"; };
		E0A06DDB26F8721100E132E1 /* ProductListViewModel.swift */ = {isa = PBXFileReference; lastKnownFileType = sourcecode.swift; path = ProductListViewModel.swift; sourceTree = "<group>"; };
		E0A06DDD26F8722300E132E1 /* ProductListUseCase.swift */ = {isa = PBXFileReference; lastKnownFileType = sourcecode.swift; path = ProductListUseCase.swift; sourceTree = "<group>"; };
		E0A06DDF26F8722700E132E1 /* ProductListDIContainer.swift */ = {isa = PBXFileReference; lastKnownFileType = sourcecode.swift; path = ProductListDIContainer.swift; sourceTree = "<group>"; };
		E0A06DE126F872D700E132E1 /* Product.swift */ = {isa = PBXFileReference; lastKnownFileType = sourcecode.swift; path = Product.swift; sourceTree = "<group>"; };
		E0A06DE326F8752000E132E1 /* ProductTableViewCell.swift */ = {isa = PBXFileReference; lastKnownFileType = sourcecode.swift; path = ProductTableViewCell.swift; sourceTree = "<group>"; };
		E0A2F7E926F3920A0090FAF0 /* SRPwithFacade.swift */ = {isa = PBXFileReference; lastKnownFileType = sourcecode.swift; path = SRPwithFacade.swift; sourceTree = "<group>"; };
		E0AF25B826F991FC008C003A /* ButtonsViewModel.swift */ = {isa = PBXFileReference; lastKnownFileType = sourcecode.swift; path = ButtonsViewModel.swift; sourceTree = "<group>"; };
		E0AF25BA26F9920F008C003A /* ButtonsViewController.swift */ = {isa = PBXFileReference; lastKnownFileType = sourcecode.swift; path = ButtonsViewController.swift; sourceTree = "<group>"; };
		E0AF25BC26F9921B008C003A /* ButtonsCoordinator.swift */ = {isa = PBXFileReference; lastKnownFileType = sourcecode.swift; path = ButtonsCoordinator.swift; sourceTree = "<group>"; };
		E0AF25C026F9925B008C003A /* ButtonsDIContainer.swift */ = {isa = PBXFileReference; lastKnownFileType = sourcecode.swift; path = ButtonsDIContainer.swift; sourceTree = "<group>"; };
		E0AF25C226F992A5008C003A /* RedViewController.swift */ = {isa = PBXFileReference; lastKnownFileType = sourcecode.swift; path = RedViewController.swift; sourceTree = "<group>"; };
		E0AF25C426F992AC008C003A /* BlueViewController.swift */ = {isa = PBXFileReference; lastKnownFileType = sourcecode.swift; path = BlueViewController.swift; sourceTree = "<group>"; };
		E0AF25C726F99368008C003A /* ButtonsUseCase.swift */ = {isa = PBXFileReference; lastKnownFileType = sourcecode.swift; path = ButtonsUseCase.swift; sourceTree = "<group>"; };
		E0E29AC326FA1A3300B75169 /* Endpoint.swift */ = {isa = PBXFileReference; lastKnownFileType = sourcecode.swift; path = Endpoint.swift; sourceTree = "<group>"; };
		E0E29AC526FA1A9B00B75169 /* NetworkConfigurable.swift */ = {isa = PBXFileReference; lastKnownFileType = sourcecode.swift; path = NetworkConfigurable.swift; sourceTree = "<group>"; };
		E0E29AC726FA3E9B00B75169 /* DataTransferService.swift */ = {isa = PBXFileReference; lastKnownFileType = sourcecode.swift; path = DataTransferService.swift; sourceTree = "<group>"; };
		E0E29AC926FA3EBA00B75169 /* NetworkService.swift */ = {isa = PBXFileReference; lastKnownFileType = sourcecode.swift; path = NetworkService.swift; sourceTree = "<group>"; };
		E0F6CAF626F74F46005B9EB1 /* NotISP.swift */ = {isa = PBXFileReference; lastKnownFileType = sourcecode.swift; path = NotISP.swift; sourceTree = "<group>"; };
		E0F6CAF826F7525F005B9EB1 /* ISP.swift */ = {isa = PBXFileReference; lastKnownFileType = sourcecode.swift; path = ISP.swift; sourceTree = "<group>"; };
/* End PBXFileReference section */

/* Begin PBXFrameworksBuildPhase section */
		E03D2F3026F8C03D00C24B98 /* Frameworks */ = {
			isa = PBXFrameworksBuildPhase;
			buildActionMask = 2147483647;
			files = (
			);
			runOnlyForDeploymentPostprocessing = 0;
		};
		E069E35126F3860900ED4467 /* Frameworks */ = {
			isa = PBXFrameworksBuildPhase;
			buildActionMask = 2147483647;
			files = (
				E01879C926F4CEB300BD26A8 /* RxRelay in Frameworks */,
				E01879B626F4C27500BD26A8 /* KeychainAccess in Frameworks */,
				E01879CD26F4CEB300BD26A8 /* RxSwift in Frameworks */,
				E01879CB26F4CEB300BD26A8 /* RxCocoa in Frameworks */,
				E01879C626F4CE4D00BD26A8 /* SnapKit in Frameworks */,
			);
			runOnlyForDeploymentPostprocessing = 0;
		};
/* End PBXFrameworksBuildPhase section */

/* Begin PBXGroup section */
		E01879AE26F4BBAD00BD26A8 /* OCP */ = {
			isa = PBXGroup;
			children = (
				E01879B726F4C29600BD26A8 /* Service */,
				E01879B326F4C25D00BD26A8 /* Repository */,
				E01879C226F4CD6B00BD26A8 /* ColorViewController.swift */,
				E01879D226F4D23500BD26A8 /* ColorUseCase.swift */,
				E01879CE26F4CED600BD26A8 /* ColorViewModel.swift */,
				E01879D026F4D15F00BD26A8 /* ColorModel.swift */,
			);
			path = OCP;
			sourceTree = "<group>";
		};
		E01879B326F4C25D00BD26A8 /* Repository */ = {
			isa = PBXGroup;
			children = (
				E01879BE26F4C2C500BD26A8 /* KeychainRepository.swift */,
			);
			path = Repository;
			sourceTree = "<group>";
		};
		E01879B726F4C29600BD26A8 /* Service */ = {
			isa = PBXGroup;
			children = (
				E01879BC26F4C2BF00BD26A8 /* KeychainService.swift */,
			);
			path = Service;
			sourceTree = "<group>";
		};
		E03D2F3426F8C03D00C24B98 /* SOLIDTests */ = {
			isa = PBXGroup;
			children = (
				E03D2F3E26F8C06600C24B98 /* UseCases */,
				E03D2F3D26F8C06100C24B98 /* Presentation */,
				E03D2F3526F8C03D00C24B98 /* SOLIDTests.swift */,
				E03D2F3726F8C03D00C24B98 /* Info.plist */,
			);
			path = SOLIDTests;
			sourceTree = "<group>";
		};
		E03D2F3D26F8C06100C24B98 /* Presentation */ = {
			isa = PBXGroup;
			children = (
				E03D2F4326F8C37700C24B98 /* ProductScene */,
			);
			path = Presentation;
			sourceTree = "<group>";
		};
		E03D2F3E26F8C06600C24B98 /* UseCases */ = {
			isa = PBXGroup;
			children = (
				E03D2F3F26F8C07C00C24B98 /* ProductListUseCaseTests.swift */,
			);
			path = UseCases;
			sourceTree = "<group>";
		};
		E03D2F4326F8C37700C24B98 /* ProductScene */ = {
			isa = PBXGroup;
			children = (
				E03D2F4426F8C38400C24B98 /* ProductListViewModelTests.swift */,
			);
			path = ProductScene;
			sourceTree = "<group>";
		};
		E0625C7926F5EF1F00D7DAD0 /* LSP */ = {
			isa = PBXGroup;
			children = (
				E0625C7A26F5F1D600D7DAD0 /* BillingViewController.swift */,
				E0625C7C26F5F1DD00D7DAD0 /* BillingViewModel.swift */,
				E0625C7E26F5F1EA00D7DAD0 /* LicenseUseCase.swift */,
				E0625C8026F5F1F100D7DAD0 /* PersonalUseCase.swift */,
				E0625C8226F5F1F700D7DAD0 /* BusinessUseCase.swift */,
			);
			path = LSP;
			sourceTree = "<group>";
		};
		E069E34B26F3860900ED4467 = {
			isa = PBXGroup;
			children = (
				E069E35626F3860900ED4467 /* SOLID */,
				E03D2F3426F8C03D00C24B98 /* SOLIDTests */,
				E069E35526F3860900ED4467 /* Products */,
			);
			sourceTree = "<group>";
		};
		E069E35526F3860900ED4467 /* Products */ = {
			isa = PBXGroup;
			children = (
				E069E35426F3860900ED4467 /* SOLID.app */,
				E03D2F3326F8C03D00C24B98 /* SOLIDTests.xctest */,
			);
			name = Products;
			sourceTree = "<group>";
		};
		E069E35626F3860900ED4467 /* SOLID */ = {
			isa = PBXGroup;
			children = (
				E06AB5B726FC7192002CB814 /* NetworkExample */,
				E0AF25B726F98B04008C003A /* Coordinator Pattern */,
				E0A06DC426F853FD00E132E1 /* DIP */,
				E0F6CAF526F74F29005B9EB1 /* ISP */,
				E0625C7926F5EF1F00D7DAD0 /* LSP */,
				E01879AE26F4BBAD00BD26A8 /* OCP */,
				E069E36B26F3860F00ED4467 /* SRP */,
				E069E35726F3860900ED4467 /* AppDelegate.swift */,
				E069E35926F3860900ED4467 /* SceneDelegate.swift */,
				E0625C7726F5ED7600D7DAD0 /* MainViewController.swift */,
				E069E35B26F3860900ED4467 /* ViewController.swift */,
				E069E36026F3860A00ED4467 /* Assets.xcassets */,
				E069E36226F3860A00ED4467 /* LaunchScreen.storyboard */,
				E069E36526F3860A00ED4467 /* Info.plist */,
			);
			path = SOLID;
			sourceTree = "<group>";
		};
		E069E36B26F3860F00ED4467 /* SRP */ = {
			isa = PBXGroup;
			children = (
				E069E36C26F3862200ED4467 /* NotSRP.swift */,
				E0A2F7E926F3920A0090FAF0 /* SRPwithFacade.swift */,
			);
			path = SRP;
			sourceTree = "<group>";
		};
		E06AB5B726FC7192002CB814 /* NetworkExample */ = {
			isa = PBXGroup;
			children = (
				E06AB5F326FC81EF002CB814 /* Common */,
				E06AB5B826FC719A002CB814 /* Presentation */,
				E06AB5B926FC71AE002CB814 /* Domain */,
				E06AB5BA26FC71B1002CB814 /* Data */,
				E0E29AC226FA1A2D00B75169 /* Infrastructure */,
			);
			path = NetworkExample;
			sourceTree = "<group>";
		};
		E06AB5B826FC719A002CB814 /* Presentation */ = {
			isa = PBXGroup;
			children = (
				E06AB60C26FCA54D002CB814 /* CityScene */,
			);
			path = Presentation;
			sourceTree = "<group>";
		};
		E06AB5B926FC71AE002CB814 /* Domain */ = {
			isa = PBXGroup;
			children = (
				E06AB5FF26FC9D92002CB814 /* Entities */,
				E06AB60826FCA281002CB814 /* UseCases */,
				E06AB5EF26FC81AB002CB814 /* Interfaces */,
			);
			path = Domain;
			sourceTree = "<group>";
		};
		E06AB5BA26FC71B1002CB814 /* Data */ = {
			isa = PBXGroup;
			children = (
				E06AB5BC26FC71DD002CB814 /* Network */,
				E06AB5BD26FC71E3002CB814 /* Repositories */,
			);
			path = Data;
			sourceTree = "<group>";
		};
		E06AB5BB26FC71C8002CB814 /* Network */ = {
			isa = PBXGroup;
			children = (
				E0E29AC526FA1A9B00B75169 /* NetworkConfigurable.swift */,
				E0E29AC326FA1A3300B75169 /* Endpoint.swift */,
				E0E29AC926FA3EBA00B75169 /* NetworkService.swift */,
				E0E29AC726FA3E9B00B75169 /* DataTransferService.swift */,
			);
			path = Network;
			sourceTree = "<group>";
		};
		E06AB5BC26FC71DD002CB814 /* Network */ = {
			isa = PBXGroup;
			children = (
				E06AB5BF26FC722A002CB814 /* APIEndpoints.swift */,
				E06AB5C126FC741D002CB814 /* DataMapping */,
			);
			path = Network;
			sourceTree = "<group>";
		};
		E06AB5BD26FC71E3002CB814 /* Repositories */ = {
			isa = PBXGroup;
			children = (
				E06AB60626FCA0D0002CB814 /* CityRepositoryImpl.swift */,
				E06AB5F626FC821B002CB814 /* Utils */,
			);
			path = Repositories;
			sourceTree = "<group>";
		};
		E06AB5C126FC741D002CB814 /* DataMapping */ = {
			isa = PBXGroup;
			children = (
				E06AB60226FC9E26002CB814 /* CityRequestDTO+Mapping.swift */,
				E06AB60426FC9FD4002CB814 /* CityResponseDTO+Mapping.swift */,
			);
			path = DataMapping;
			sourceTree = "<group>";
		};
		E06AB5EF26FC81AB002CB814 /* Interfaces */ = {
			isa = PBXGroup;
			children = (
				E06AB5F026FC81B2002CB814 /* Repositories */,
			);
			path = Interfaces;
			sourceTree = "<group>";
		};
		E06AB5F026FC81B2002CB814 /* Repositories */ = {
			isa = PBXGroup;
			children = (
				E06AB5FD26FC9CF6002CB814 /* CityRepository.swift */,
			);
			path = Repositories;
			sourceTree = "<group>";
		};
		E06AB5F326FC81EF002CB814 /* Common */ = {
			isa = PBXGroup;
			children = (
				E06AB5F426FC81F6002CB814 /* Cancellable.swift */,
			);
			path = Common;
			sourceTree = "<group>";
		};
		E06AB5F626FC821B002CB814 /* Utils */ = {
			isa = PBXGroup;
			children = (
				E06AB5F726FC8223002CB814 /* RepositoryTask.swift */,
			);
			path = Utils;
			sourceTree = "<group>";
		};
		E06AB5FF26FC9D92002CB814 /* Entities */ = {
			isa = PBXGroup;
			children = (
				E06AB60026FC9D99002CB814 /* City.swift */,
			);
			path = Entities;
			sourceTree = "<group>";
		};
		E06AB60826FCA281002CB814 /* UseCases */ = {
			isa = PBXGroup;
			children = (
				E06AB60926FCA28C002CB814 /* CityUseCase.swift */,
			);
			path = UseCases;
			sourceTree = "<group>";
		};
		E06AB60C26FCA54D002CB814 /* CityScene */ = {
			isa = PBXGroup;
			children = (
				E06AB61026FCA573002CB814 /* DIContainer */,
				E06AB60F26FCA563002CB814 /* Flows */,
				E06AB60E26FCA55D002CB814 /* ViewModel  */,
				E06AB60D26FCA552002CB814 /* View */,
			);
			path = CityScene;
			sourceTree = "<group>";
		};
		E06AB60D26FCA552002CB814 /* View */ = {
			isa = PBXGroup;
			children = (
				E06AB61126FCA584002CB814 /* CityViewController.swift */,
			);
			path = View;
			sourceTree = "<group>";
		};
		E06AB60E26FCA55D002CB814 /* ViewModel  */ = {
			isa = PBXGroup;
			children = (
				E06AB61326FCA5A7002CB814 /* CityViewModel.swift */,
			);
			path = "ViewModel ";
			sourceTree = "<group>";
		};
		E06AB60F26FCA563002CB814 /* Flows */ = {
			isa = PBXGroup;
			children = (
				E06AB61726FCB1F4002CB814 /* CitySceneCoordinator.swift */,
			);
			path = Flows;
			sourceTree = "<group>";
		};
		E06AB61026FCA573002CB814 /* DIContainer */ = {
			isa = PBXGroup;
			children = (
				E06AB61526FCB04C002CB814 /* CitySceneDIContainer.swift */,
			);
			path = DIContainer;
			sourceTree = "<group>";
		};
		E0A06DC426F853FD00E132E1 /* DIP */ = {
			isa = PBXGroup;
			children = (
				E0A06DCF26F854DA00E132E1 /* Factory */,
				E0A06DD826F871EF00E132E1 /* ProductList */,
			);
			path = DIP;
			sourceTree = "<group>";
		};
		E0A06DC926F8542A00E132E1 /* NotFactory */ = {
			isa = PBXGroup;
			children = (
				E0A06DC726F8540D00E132E1 /* Application_NotFactory.swift */,
				E0A06DCD26F8546900E132E1 /* ServiceConcrete_NotFactory.swift */,
			);
			path = NotFactory;
			sourceTree = "<group>";
		};
		E0A06DCA26F8543100E132E1 /* ApplyFactory */ = {
			isa = PBXGroup;
			children = (
				E0A06DC526F8540600E132E1 /* Application_ApplyFactory.swift */,
				E0A06DD226F855F100E132E1 /* Service.swift */,
				E0A06DD626F8565B00E132E1 /* ServiceConcreteImpl.swift */,
				E0A06DD426F8561100E132E1 /* ServiceFactory.swift */,
				E0A06DD026F8552900E132E1 /* ServiceConcrete_ApplyFactory.swift */,
			);
			path = ApplyFactory;
			sourceTree = "<group>";
		};
		E0A06DCF26F854DA00E132E1 /* Factory */ = {
			isa = PBXGroup;
			children = (
				E0A06DC926F8542A00E132E1 /* NotFactory */,
				E0A06DCA26F8543100E132E1 /* ApplyFactory */,
			);
			path = Factory;
			sourceTree = "<group>";
		};
		E0A06DD826F871EF00E132E1 /* ProductList */ = {
			isa = PBXGroup;
			children = (
				E0A06DD926F8720800E132E1 /* ProductListViewController.swift */,
				E0A06DDB26F8721100E132E1 /* ProductListViewModel.swift */,
				E0A06DDD26F8722300E132E1 /* ProductListUseCase.swift */,
				E0A06DDF26F8722700E132E1 /* ProductListDIContainer.swift */,
				E0A06DE126F872D700E132E1 /* Product.swift */,
				E0A06DE326F8752000E132E1 /* ProductTableViewCell.swift */,
			);
			path = ProductList;
			sourceTree = "<group>";
		};
		E0AF25B726F98B04008C003A /* Coordinator Pattern */ = {
			isa = PBXGroup;
			children = (
				E0AF25B826F991FC008C003A /* ButtonsViewModel.swift */,
				E0AF25BA26F9920F008C003A /* ButtonsViewController.swift */,
				E0AF25C026F9925B008C003A /* ButtonsDIContainer.swift */,
				E0AF25BC26F9921B008C003A /* ButtonsCoordinator.swift */,
				E0AF25C726F99368008C003A /* ButtonsUseCase.swift */,
				E0AF25C226F992A5008C003A /* RedViewController.swift */,
				E0AF25C426F992AC008C003A /* BlueViewController.swift */,
			);
			path = "Coordinator Pattern";
			sourceTree = "<group>";
		};
		E0E29AC226FA1A2D00B75169 /* Infrastructure */ = {
			isa = PBXGroup;
			children = (
				E06AB5BB26FC71C8002CB814 /* Network */,
			);
			path = Infrastructure;
			sourceTree = "<group>";
		};
		E0F6CAF526F74F29005B9EB1 /* ISP */ = {
			isa = PBXGroup;
			children = (
				E0F6CAF626F74F46005B9EB1 /* NotISP.swift */,
				E0F6CAF826F7525F005B9EB1 /* ISP.swift */,
			);
			path = ISP;
			sourceTree = "<group>";
		};
/* End PBXGroup section */

/* Begin PBXNativeTarget section */
		E03D2F3226F8C03D00C24B98 /* SOLIDTests */ = {
			isa = PBXNativeTarget;
			buildConfigurationList = E03D2F3C26F8C03D00C24B98 /* Build configuration list for PBXNativeTarget "SOLIDTests" */;
			buildPhases = (
				E03D2F2F26F8C03D00C24B98 /* Sources */,
				E03D2F3026F8C03D00C24B98 /* Frameworks */,
				E03D2F3126F8C03D00C24B98 /* Resources */,
			);
			buildRules = (
			);
			dependencies = (
				E03D2F3926F8C03D00C24B98 /* PBXTargetDependency */,
			);
			name = SOLIDTests;
			productName = SOLIDTests;
			productReference = E03D2F3326F8C03D00C24B98 /* SOLIDTests.xctest */;
			productType = "com.apple.product-type.bundle.unit-test";
		};
		E069E35326F3860900ED4467 /* SOLID */ = {
			isa = PBXNativeTarget;
			buildConfigurationList = E069E36826F3860A00ED4467 /* Build configuration list for PBXNativeTarget "SOLID" */;
			buildPhases = (
				E069E35026F3860900ED4467 /* Sources */,
				E069E35126F3860900ED4467 /* Frameworks */,
				E069E35226F3860900ED4467 /* Resources */,
			);
			buildRules = (
			);
			dependencies = (
			);
			name = SOLID;
			packageProductDependencies = (
				E01879B526F4C27500BD26A8 /* KeychainAccess */,
				E01879C526F4CE4D00BD26A8 /* SnapKit */,
				E01879C826F4CEB300BD26A8 /* RxRelay */,
				E01879CA26F4CEB300BD26A8 /* RxCocoa */,
				E01879CC26F4CEB300BD26A8 /* RxSwift */,
			);
			productName = SOLID;
			productReference = E069E35426F3860900ED4467 /* SOLID.app */;
			productType = "com.apple.product-type.application";
		};
/* End PBXNativeTarget section */

/* Begin PBXProject section */
		E069E34C26F3860900ED4467 /* Project object */ = {
			isa = PBXProject;
			attributes = {
				LastSwiftUpdateCheck = 1250;
				LastUpgradeCheck = 1250;
				TargetAttributes = {
					E03D2F3226F8C03D00C24B98 = {
						CreatedOnToolsVersion = 12.5.1;
						TestTargetID = E069E35326F3860900ED4467;
					};
					E069E35326F3860900ED4467 = {
						CreatedOnToolsVersion = 12.5.1;
					};
				};
			};
			buildConfigurationList = E069E34F26F3860900ED4467 /* Build configuration list for PBXProject "SOLID" */;
			compatibilityVersion = "Xcode 9.3";
			developmentRegion = en;
			hasScannedForEncodings = 0;
			knownRegions = (
				en,
				Base,
			);
			mainGroup = E069E34B26F3860900ED4467;
			packageReferences = (
				E01879B426F4C27500BD26A8 /* XCRemoteSwiftPackageReference "KeychainAccess" */,
				E01879C426F4CE4D00BD26A8 /* XCRemoteSwiftPackageReference "SnapKit" */,
				E01879C726F4CEB300BD26A8 /* XCRemoteSwiftPackageReference "RxSwift" */,
			);
			productRefGroup = E069E35526F3860900ED4467 /* Products */;
			projectDirPath = "";
			projectRoot = "";
			targets = (
				E069E35326F3860900ED4467 /* SOLID */,
				E03D2F3226F8C03D00C24B98 /* SOLIDTests */,
			);
		};
/* End PBXProject section */

/* Begin PBXResourcesBuildPhase section */
		E03D2F3126F8C03D00C24B98 /* Resources */ = {
			isa = PBXResourcesBuildPhase;
			buildActionMask = 2147483647;
			files = (
			);
			runOnlyForDeploymentPostprocessing = 0;
		};
		E069E35226F3860900ED4467 /* Resources */ = {
			isa = PBXResourcesBuildPhase;
			buildActionMask = 2147483647;
			files = (
				E069E36426F3860A00ED4467 /* LaunchScreen.storyboard in Resources */,
				E069E36126F3860A00ED4467 /* Assets.xcassets in Resources */,
			);
			runOnlyForDeploymentPostprocessing = 0;
		};
/* End PBXResourcesBuildPhase section */

/* Begin PBXSourcesBuildPhase section */
		E03D2F2F26F8C03D00C24B98 /* Sources */ = {
			isa = PBXSourcesBuildPhase;
			buildActionMask = 2147483647;
			files = (
				E03D2F3626F8C03D00C24B98 /* SOLIDTests.swift in Sources */,
				E03D2F4026F8C07C00C24B98 /* ProductListUseCaseTests.swift in Sources */,
				E03D2F4526F8C38400C24B98 /* ProductListViewModelTests.swift in Sources */,
			);
			runOnlyForDeploymentPostprocessing = 0;
		};
		E069E35026F3860900ED4467 /* Sources */ = {
			isa = PBXSourcesBuildPhase;
			buildActionMask = 2147483647;
			files = (
				E06AB61826FCB1F4002CB814 /* CitySceneCoordinator.swift in Sources */,
				E06AB60526FC9FD4002CB814 /* CityResponseDTO+Mapping.swift in Sources */,
				E0E29AC826FA3E9B00B75169 /* DataTransferService.swift in Sources */,
				E0AF25C526F992AC008C003A /* BlueViewController.swift in Sources */,
				E0A06DD526F8561100E132E1 /* ServiceFactory.swift in Sources */,
				E06AB5C026FC722A002CB814 /* APIEndpoints.swift in Sources */,
				E0E29AC426FA1A3300B75169 /* Endpoint.swift in Sources */,
				E0E29ACA26FA3EBA00B75169 /* NetworkService.swift in Sources */,
				E0F6CAF926F7525F005B9EB1 /* ISP.swift in Sources */,
				E0A06DE026F8722700E132E1 /* ProductListDIContainer.swift in Sources */,
				E06AB60326FC9E26002CB814 /* CityRequestDTO+Mapping.swift in Sources */,
				E0AF25BD26F9921B008C003A /* ButtonsCoordinator.swift in Sources */,
				E0625C7B26F5F1D600D7DAD0 /* BillingViewController.swift in Sources */,
				E0625C7F26F5F1EA00D7DAD0 /* LicenseUseCase.swift in Sources */,
				E01879D326F4D23500BD26A8 /* ColorUseCase.swift in Sources */,
				E069E35C26F3860900ED4467 /* ViewController.swift in Sources */,
				E0E29AC626FA1A9B00B75169 /* NetworkConfigurable.swift in Sources */,
				E06AB5F826FC8223002CB814 /* RepositoryTask.swift in Sources */,
				E0A06DCE26F8546900E132E1 /* ServiceConcrete_NotFactory.swift in Sources */,
				E0AF25C326F992A5008C003A /* RedViewController.swift in Sources */,
				E0AF25BB26F9920F008C003A /* ButtonsViewController.swift in Sources */,
				E06AB5F526FC81F6002CB814 /* Cancellable.swift in Sources */,
				E069E36D26F3862200ED4467 /* NotSRP.swift in Sources */,
				E0625C7826F5ED7600D7DAD0 /* MainViewController.swift in Sources */,
				E01879C326F4CD6B00BD26A8 /* ColorViewController.swift in Sources */,
				E0A06DDC26F8721100E132E1 /* ProductListViewModel.swift in Sources */,
				E06AB61426FCA5A7002CB814 /* CityViewModel.swift in Sources */,
				E0A2F7EA26F3920A0090FAF0 /* SRPwithFacade.swift in Sources */,
				E06AB61226FCA584002CB814 /* CityViewController.swift in Sources */,
				E0A06DE426F8752000E132E1 /* ProductTableViewCell.swift in Sources */,
				E0A06DC626F8540600E132E1 /* Application_ApplyFactory.swift in Sources */,
				E069E35826F3860900ED4467 /* AppDelegate.swift in Sources */,
				E0625C7D26F5F1DD00D7DAD0 /* BillingViewModel.swift in Sources */,
				E069E35A26F3860900ED4467 /* SceneDelegate.swift in Sources */,
				E0A06DDE26F8722300E132E1 /* ProductListUseCase.swift in Sources */,
				E06AB61626FCB04C002CB814 /* CitySceneDIContainer.swift in Sources */,
				E06AB60726FCA0D0002CB814 /* CityRepositoryImpl.swift in Sources */,
				E01879BF26F4C2C500BD26A8 /* KeychainRepository.swift in Sources */,
				E06AB60A26FCA28C002CB814 /* CityUseCase.swift in Sources */,
				E0F6CAF726F74F46005B9EB1 /* NotISP.swift in Sources */,
				E0A06DD126F8552900E132E1 /* ServiceConcrete_ApplyFactory.swift in Sources */,
				E0AF25C826F99368008C003A /* ButtonsUseCase.swift in Sources */,
				E0A06DD326F855F100E132E1 /* Service.swift in Sources */,
				E06AB5FE26FC9CF6002CB814 /* CityRepository.swift in Sources */,
				E0A06DDA26F8720800E132E1 /* ProductListViewController.swift in Sources */,
				E0AF25C126F9925B008C003A /* ButtonsDIContainer.swift in Sources */,
				E01879BD26F4C2BF00BD26A8 /* KeychainService.swift in Sources */,
				E0625C8126F5F1F100D7DAD0 /* PersonalUseCase.swift in Sources */,
				E01879CF26F4CED600BD26A8 /* ColorViewModel.swift in Sources */,
				E0A06DE226F872D700E132E1 /* Product.swift in Sources */,
				E0A06DD726F8565B00E132E1 /* ServiceConcreteImpl.swift in Sources */,
				E0AF25B926F991FC008C003A /* ButtonsViewModel.swift in Sources */,
				E0625C8326F5F1F700D7DAD0 /* BusinessUseCase.swift in Sources */,
				E01879D126F4D15F00BD26A8 /* ColorModel.swift in Sources */,
				E06AB60126FC9D99002CB814 /* City.swift in Sources */,
				E0A06DC826F8540D00E132E1 /* Application_NotFactory.swift in Sources */,
			);
			runOnlyForDeploymentPostprocessing = 0;
		};
/* End PBXSourcesBuildPhase section */

/* Begin PBXTargetDependency section */
		E03D2F3926F8C03D00C24B98 /* PBXTargetDependency */ = {
			isa = PBXTargetDependency;
			target = E069E35326F3860900ED4467 /* SOLID */;
			targetProxy = E03D2F3826F8C03D00C24B98 /* PBXContainerItemProxy */;
		};
/* End PBXTargetDependency section */

/* Begin PBXVariantGroup section */
		E069E36226F3860A00ED4467 /* LaunchScreen.storyboard */ = {
			isa = PBXVariantGroup;
			children = (
				E069E36326F3860A00ED4467 /* Base */,
			);
			name = LaunchScreen.storyboard;
			sourceTree = "<group>";
		};
/* End PBXVariantGroup section */

/* Begin XCBuildConfiguration section */
		E03D2F3A26F8C03D00C24B98 /* Debug */ = {
			isa = XCBuildConfiguration;
			buildSettings = {
				BUNDLE_LOADER = "$(TEST_HOST)";
				CODE_SIGN_STYLE = Automatic;
				DEVELOPMENT_TEAM = SS7U83UJNK;
				INFOPLIST_FILE = SOLIDTests/Info.plist;
				LD_RUNPATH_SEARCH_PATHS = (
					"$(inherited)",
					"@executable_path/Frameworks",
					"@loader_path/Frameworks",
				);
				PRODUCT_BUNDLE_IDENTIFIER = com.jake.SOLIDTests;
				PRODUCT_NAME = "$(TARGET_NAME)";
				SWIFT_VERSION = 5.0;
				TARGETED_DEVICE_FAMILY = "1,2";
				TEST_HOST = "$(BUILT_PRODUCTS_DIR)/SOLID.app/SOLID";
			};
			name = Debug;
		};
		E03D2F3B26F8C03D00C24B98 /* Release */ = {
			isa = XCBuildConfiguration;
			buildSettings = {
				BUNDLE_LOADER = "$(TEST_HOST)";
				CODE_SIGN_STYLE = Automatic;
				DEVELOPMENT_TEAM = SS7U83UJNK;
				INFOPLIST_FILE = SOLIDTests/Info.plist;
				LD_RUNPATH_SEARCH_PATHS = (
					"$(inherited)",
					"@executable_path/Frameworks",
					"@loader_path/Frameworks",
				);
				PRODUCT_BUNDLE_IDENTIFIER = com.jake.SOLIDTests;
				PRODUCT_NAME = "$(TARGET_NAME)";
				SWIFT_VERSION = 5.0;
				TARGETED_DEVICE_FAMILY = "1,2";
				TEST_HOST = "$(BUILT_PRODUCTS_DIR)/SOLID.app/SOLID";
			};
			name = Release;
		};
		E069E36626F3860A00ED4467 /* Debug */ = {
			isa = XCBuildConfiguration;
			buildSettings = {
				ALWAYS_SEARCH_USER_PATHS = NO;
				CLANG_ANALYZER_NONNULL = YES;
				CLANG_ANALYZER_NUMBER_OBJECT_CONVERSION = YES_AGGRESSIVE;
				CLANG_CXX_LANGUAGE_STANDARD = "gnu++14";
				CLANG_CXX_LIBRARY = "libc++";
				CLANG_ENABLE_MODULES = YES;
				CLANG_ENABLE_OBJC_ARC = YES;
				CLANG_ENABLE_OBJC_WEAK = YES;
				CLANG_WARN_BLOCK_CAPTURE_AUTORELEASING = YES;
				CLANG_WARN_BOOL_CONVERSION = YES;
				CLANG_WARN_COMMA = YES;
				CLANG_WARN_CONSTANT_CONVERSION = YES;
				CLANG_WARN_DEPRECATED_OBJC_IMPLEMENTATIONS = YES;
				CLANG_WARN_DIRECT_OBJC_ISA_USAGE = YES_ERROR;
				CLANG_WARN_DOCUMENTATION_COMMENTS = YES;
				CLANG_WARN_EMPTY_BODY = YES;
				CLANG_WARN_ENUM_CONVERSION = YES;
				CLANG_WARN_INFINITE_RECURSION = YES;
				CLANG_WARN_INT_CONVERSION = YES;
				CLANG_WARN_NON_LITERAL_NULL_CONVERSION = YES;
				CLANG_WARN_OBJC_IMPLICIT_RETAIN_SELF = YES;
				CLANG_WARN_OBJC_LITERAL_CONVERSION = YES;
				CLANG_WARN_OBJC_ROOT_CLASS = YES_ERROR;
				CLANG_WARN_QUOTED_INCLUDE_IN_FRAMEWORK_HEADER = YES;
				CLANG_WARN_RANGE_LOOP_ANALYSIS = YES;
				CLANG_WARN_STRICT_PROTOTYPES = YES;
				CLANG_WARN_SUSPICIOUS_MOVE = YES;
				CLANG_WARN_UNGUARDED_AVAILABILITY = YES_AGGRESSIVE;
				CLANG_WARN_UNREACHABLE_CODE = YES;
				CLANG_WARN__DUPLICATE_METHOD_MATCH = YES;
				COPY_PHASE_STRIP = NO;
				DEBUG_INFORMATION_FORMAT = dwarf;
				ENABLE_STRICT_OBJC_MSGSEND = YES;
				ENABLE_TESTABILITY = YES;
				GCC_C_LANGUAGE_STANDARD = gnu11;
				GCC_DYNAMIC_NO_PIC = NO;
				GCC_NO_COMMON_BLOCKS = YES;
				GCC_OPTIMIZATION_LEVEL = 0;
				GCC_PREPROCESSOR_DEFINITIONS = (
					"DEBUG=1",
					"$(inherited)",
				);
				GCC_WARN_64_TO_32_BIT_CONVERSION = YES;
				GCC_WARN_ABOUT_RETURN_TYPE = YES_ERROR;
				GCC_WARN_UNDECLARED_SELECTOR = YES;
				GCC_WARN_UNINITIALIZED_AUTOS = YES_AGGRESSIVE;
				GCC_WARN_UNUSED_FUNCTION = YES;
				GCC_WARN_UNUSED_VARIABLE = YES;
				IPHONEOS_DEPLOYMENT_TARGET = 14.5;
				MTL_ENABLE_DEBUG_INFO = INCLUDE_SOURCE;
				MTL_FAST_MATH = YES;
				ONLY_ACTIVE_ARCH = YES;
				SDKROOT = iphoneos;
				SWIFT_ACTIVE_COMPILATION_CONDITIONS = DEBUG;
				SWIFT_OPTIMIZATION_LEVEL = "-Onone";
			};
			name = Debug;
		};
		E069E36726F3860A00ED4467 /* Release */ = {
			isa = XCBuildConfiguration;
			buildSettings = {
				ALWAYS_SEARCH_USER_PATHS = NO;
				CLANG_ANALYZER_NONNULL = YES;
				CLANG_ANALYZER_NUMBER_OBJECT_CONVERSION = YES_AGGRESSIVE;
				CLANG_CXX_LANGUAGE_STANDARD = "gnu++14";
				CLANG_CXX_LIBRARY = "libc++";
				CLANG_ENABLE_MODULES = YES;
				CLANG_ENABLE_OBJC_ARC = YES;
				CLANG_ENABLE_OBJC_WEAK = YES;
				CLANG_WARN_BLOCK_CAPTURE_AUTORELEASING = YES;
				CLANG_WARN_BOOL_CONVERSION = YES;
				CLANG_WARN_COMMA = YES;
				CLANG_WARN_CONSTANT_CONVERSION = YES;
				CLANG_WARN_DEPRECATED_OBJC_IMPLEMENTATIONS = YES;
				CLANG_WARN_DIRECT_OBJC_ISA_USAGE = YES_ERROR;
				CLANG_WARN_DOCUMENTATION_COMMENTS = YES;
				CLANG_WARN_EMPTY_BODY = YES;
				CLANG_WARN_ENUM_CONVERSION = YES;
				CLANG_WARN_INFINITE_RECURSION = YES;
				CLANG_WARN_INT_CONVERSION = YES;
				CLANG_WARN_NON_LITERAL_NULL_CONVERSION = YES;
				CLANG_WARN_OBJC_IMPLICIT_RETAIN_SELF = YES;
				CLANG_WARN_OBJC_LITERAL_CONVERSION = YES;
				CLANG_WARN_OBJC_ROOT_CLASS = YES_ERROR;
				CLANG_WARN_QUOTED_INCLUDE_IN_FRAMEWORK_HEADER = YES;
				CLANG_WARN_RANGE_LOOP_ANALYSIS = YES;
				CLANG_WARN_STRICT_PROTOTYPES = YES;
				CLANG_WARN_SUSPICIOUS_MOVE = YES;
				CLANG_WARN_UNGUARDED_AVAILABILITY = YES_AGGRESSIVE;
				CLANG_WARN_UNREACHABLE_CODE = YES;
				CLANG_WARN__DUPLICATE_METHOD_MATCH = YES;
				COPY_PHASE_STRIP = NO;
				DEBUG_INFORMATION_FORMAT = "dwarf-with-dsym";
				ENABLE_NS_ASSERTIONS = NO;
				ENABLE_STRICT_OBJC_MSGSEND = YES;
				GCC_C_LANGUAGE_STANDARD = gnu11;
				GCC_NO_COMMON_BLOCKS = YES;
				GCC_WARN_64_TO_32_BIT_CONVERSION = YES;
				GCC_WARN_ABOUT_RETURN_TYPE = YES_ERROR;
				GCC_WARN_UNDECLARED_SELECTOR = YES;
				GCC_WARN_UNINITIALIZED_AUTOS = YES_AGGRESSIVE;
				GCC_WARN_UNUSED_FUNCTION = YES;
				GCC_WARN_UNUSED_VARIABLE = YES;
				IPHONEOS_DEPLOYMENT_TARGET = 14.5;
				MTL_ENABLE_DEBUG_INFO = NO;
				MTL_FAST_MATH = YES;
				SDKROOT = iphoneos;
				SWIFT_COMPILATION_MODE = wholemodule;
				SWIFT_OPTIMIZATION_LEVEL = "-O";
				VALIDATE_PRODUCT = YES;
			};
			name = Release;
		};
		E069E36926F3860A00ED4467 /* Debug */ = {
			isa = XCBuildConfiguration;
			buildSettings = {
				ASSETCATALOG_COMPILER_APPICON_NAME = AppIcon;
				ASSETCATALOG_COMPILER_GLOBAL_ACCENT_COLOR_NAME = AccentColor;
				CODE_SIGN_STYLE = Automatic;
				DEVELOPMENT_TEAM = SS7U83UJNK;
				INFOPLIST_FILE = SOLID/Info.plist;
				LD_RUNPATH_SEARCH_PATHS = (
					"$(inherited)",
					"@executable_path/Frameworks",
				);
				PRODUCT_BUNDLE_IDENTIFIER = com.jake.SOLID;
				PRODUCT_NAME = "$(TARGET_NAME)";
				SWIFT_VERSION = 5.0;
				TARGETED_DEVICE_FAMILY = "1,2";
			};
			name = Debug;
		};
		E069E36A26F3860A00ED4467 /* Release */ = {
			isa = XCBuildConfiguration;
			buildSettings = {
				ASSETCATALOG_COMPILER_APPICON_NAME = AppIcon;
				ASSETCATALOG_COMPILER_GLOBAL_ACCENT_COLOR_NAME = AccentColor;
				CODE_SIGN_STYLE = Automatic;
				DEVELOPMENT_TEAM = SS7U83UJNK;
				INFOPLIST_FILE = SOLID/Info.plist;
				LD_RUNPATH_SEARCH_PATHS = (
					"$(inherited)",
					"@executable_path/Frameworks",
				);
				PRODUCT_BUNDLE_IDENTIFIER = com.jake.SOLID;
				PRODUCT_NAME = "$(TARGET_NAME)";
				SWIFT_VERSION = 5.0;
				TARGETED_DEVICE_FAMILY = "1,2";
			};
			name = Release;
		};
/* End XCBuildConfiguration section */

/* Begin XCConfigurationList section */
		E03D2F3C26F8C03D00C24B98 /* Build configuration list for PBXNativeTarget "SOLIDTests" */ = {
			isa = XCConfigurationList;
			buildConfigurations = (
				E03D2F3A26F8C03D00C24B98 /* Debug */,
				E03D2F3B26F8C03D00C24B98 /* Release */,
			);
			defaultConfigurationIsVisible = 0;
			defaultConfigurationName = Release;
		};
		E069E34F26F3860900ED4467 /* Build configuration list for PBXProject "SOLID" */ = {
			isa = XCConfigurationList;
			buildConfigurations = (
				E069E36626F3860A00ED4467 /* Debug */,
				E069E36726F3860A00ED4467 /* Release */,
			);
			defaultConfigurationIsVisible = 0;
			defaultConfigurationName = Release;
		};
		E069E36826F3860A00ED4467 /* Build configuration list for PBXNativeTarget "SOLID" */ = {
			isa = XCConfigurationList;
			buildConfigurations = (
				E069E36926F3860A00ED4467 /* Debug */,
				E069E36A26F3860A00ED4467 /* Release */,
			);
			defaultConfigurationIsVisible = 0;
			defaultConfigurationName = Release;
		};
/* End XCConfigurationList section */

/* Begin XCRemoteSwiftPackageReference section */
		E01879B426F4C27500BD26A8 /* XCRemoteSwiftPackageReference "KeychainAccess" */ = {
			isa = XCRemoteSwiftPackageReference;
			repositoryURL = "https://github.com/kishikawakatsumi/KeychainAccess.git";
			requirement = {
				kind = upToNextMajorVersion;
				minimumVersion = 4.2.2;
			};
		};
		E01879C426F4CE4D00BD26A8 /* XCRemoteSwiftPackageReference "SnapKit" */ = {
			isa = XCRemoteSwiftPackageReference;
			repositoryURL = "https://github.com/SnapKit/SnapKit.git";
			requirement = {
				kind = upToNextMajorVersion;
				minimumVersion = 5.0.1;
			};
		};
		E01879C726F4CEB300BD26A8 /* XCRemoteSwiftPackageReference "RxSwift" */ = {
			isa = XCRemoteSwiftPackageReference;
			repositoryURL = "https://github.com/ReactiveX/RxSwift.git";
			requirement = {
				kind = upToNextMajorVersion;
				minimumVersion = 6.2.0;
			};
		};
/* End XCRemoteSwiftPackageReference section */

/* Begin XCSwiftPackageProductDependency section */
		E01879B526F4C27500BD26A8 /* KeychainAccess */ = {
			isa = XCSwiftPackageProductDependency;
			package = E01879B426F4C27500BD26A8 /* XCRemoteSwiftPackageReference "KeychainAccess" */;
			productName = KeychainAccess;
		};
		E01879C526F4CE4D00BD26A8 /* SnapKit */ = {
			isa = XCSwiftPackageProductDependency;
			package = E01879C426F4CE4D00BD26A8 /* XCRemoteSwiftPackageReference "SnapKit" */;
			productName = SnapKit;
		};
		E01879C826F4CEB300BD26A8 /* RxRelay */ = {
			isa = XCSwiftPackageProductDependency;
			package = E01879C726F4CEB300BD26A8 /* XCRemoteSwiftPackageReference "RxSwift" */;
			productName = RxRelay;
		};
		E01879CA26F4CEB300BD26A8 /* RxCocoa */ = {
			isa = XCSwiftPackageProductDependency;
			package = E01879C726F4CEB300BD26A8 /* XCRemoteSwiftPackageReference "RxSwift" */;
			productName = RxCocoa;
		};
		E01879CC26F4CEB300BD26A8 /* RxSwift */ = {
			isa = XCSwiftPackageProductDependency;
			package = E01879C726F4CEB300BD26A8 /* XCRemoteSwiftPackageReference "RxSwift" */;
			productName = RxSwift;
		};
/* End XCSwiftPackageProductDependency section */
	};
	rootObject = E069E34C26F3860900ED4467 /* Project object */;
}
